
Microsoft Visual Studio Solution File, Format Version 12.00
# Visual Studio 2013
VisualStudioVersion = 12.0.31101.0
MinimumVisualStudioVersion = 10.0.40219.1
Project("{2150E333-8FDC-42A3-9474-1A3956D46DE8}") = "Solution Items", "Solution Items", "{13AB8CAE-4FFD-4DB3-A551-F2F9C4511BC5}"
	ProjectSection(SolutionItems) = preProject
		.gitignore = .gitignore
	EndProjectSection
EndProject
Project("{FAE04EC0-301F-11D3-BF4B-00C04F79EFBC}") = "Sooda.CodeGen.vs2005", "Sooda.CodeGen\Sooda.CodeGen.vs2005.csproj", "{0D67237B-4FBA-4BD9-95C3-24B5F427D014}"
EndProject
Project("{FAE04EC0-301F-11D3-BF4B-00C04F79EFBC}") = "SoodaStubGen.vs2005", "SoodaStubGen\SoodaStubGen.vs2005.csproj", "{5F89F8D0-39BC-49F8-92E3-3A7F5F3FF55F}"
EndProject
Project("{FAE04EC0-301F-11D3-BF4B-00C04F79EFBC}") = "Sooda.vs2005", "Sooda\Sooda.vs2005.csproj", "{FCC9B644-9093-41F6-8F0D-F98F22474CB5}"
EndProject
Project("{FAE04EC0-301F-11D3-BF4B-00C04F79EFBC}") = "SoodaFixKeygen.vs2005", "SoodaFixKeygen\SoodaFixKeygen.vs2005.csproj", "{74410A3C-F7F5-47FE-8F72-1856753BDD26}"
EndProject
Project("{FAE04EC0-301F-11D3-BF4B-00C04F79EFBC}") = "SoodaSchemaTool.vs2005", "SoodaSchemaTool\SoodaSchemaTool.vs2005.csproj", "{C5E51DAD-B844-4B20-8A84-2D098E75ABAF}"
EndProject
Project("{FAE04EC0-301F-11D3-BF4B-00C04F79EFBC}") = "FixSchemaGuids", "FixSchemaGuids\FixSchemaGuids.csproj", "{BA52A7E5-B16B-459A-9F4C-FB463D18ABA6}"
EndProject
Project("{FAE04EC0-301F-11D3-BF4B-00C04F79EFBC}") = "SoodaCompileStubs.vs2008", "SoodaCompileStubs\SoodaCompileStubs.vs2008.csproj", "{7DACB842-1C46-4145-B02D-91E7C3CD4276}"
EndProject
Global
	GlobalSection(SolutionConfigurationPlatforms) = preSolution
		Debug|Any CPU = Debug|Any CPU
		Release|Any CPU = Release|Any CPU
	EndGlobalSection
	GlobalSection(ProjectConfigurationPlatforms) = postSolution
		{0D67237B-4FBA-4BD9-95C3-24B5F427D014}.Debug|Any CPU.ActiveCfg = Debug|Any CPU
		{0D67237B-4FBA-4BD9-95C3-24B5F427D014}.Debug|Any CPU.Build.0 = Debug|Any CPU
		{0D67237B-4FBA-4BD9-95C3-24B5F427D014}.Release|Any CPU.ActiveCfg = Release|Any CPU
		{0D67237B-4FBA-4BD9-95C3-24B5F427D014}.Release|Any CPU.Build.0 = Release|Any CPU
		{5F89F8D0-39BC-49F8-92E3-3A7F5F3FF55F}.Debug|Any CPU.ActiveCfg = Debug|Any CPU
		{5F89F8D0-39BC-49F8-92E3-3A7F5F3FF55F}.Debug|Any CPU.Build.0 = Debug|Any CPU
		{5F89F8D0-39BC-49F8-92E3-3A7F5F3FF55F}.Release|Any CPU.ActiveCfg = Release|Any CPU
		{5F89F8D0-39BC-49F8-92E3-3A7F5F3FF55F}.Release|Any CPU.Build.0 = Release|Any CPU
		{FCC9B644-9093-41F6-8F0D-F98F22474CB5}.Debug|Any CPU.ActiveCfg = Debug|Any CPU
		{FCC9B644-9093-41F6-8F0D-F98F22474CB5}.Debug|Any CPU.Build.0 = Debug|Any CPU
		{FCC9B644-9093-41F6-8F0D-F98F22474CB5}.Release|Any CPU.ActiveCfg = Release|Any CPU
		{FCC9B644-9093-41F6-8F0D-F98F22474CB5}.Release|Any CPU.Build.0 = Release|Any CPU
		{74410A3C-F7F5-47FE-8F72-1856753BDD26}.Debug|Any CPU.ActiveCfg = Debug|Any CPU
		{74410A3C-F7F5-47FE-8F72-1856753BDD26}.Debug|Any CPU.Build.0 = Debug|Any CPU
		{74410A3C-F7F5-47FE-8F72-1856753BDD26}.Release|Any CPU.ActiveCfg = Release|Any CPU
		{74410A3C-F7F5-47FE-8F72-1856753BDD26}.Release|Any CPU.Build.0 = Release|Any CPU
		{C5E51DAD-B844-4B20-8A84-2D098E75ABAF}.Debug|Any CPU.ActiveCfg = Debug|Any CPU
		{C5E51DAD-B844-4B20-8A84-2D098E75ABAF}.Debug|Any CPU.Build.0 = Debug|Any CPU
		{C5E51DAD-B844-4B20-8A84-2D098E75ABAF}.Release|Any CPU.ActiveCfg = Release|Any CPU
		{C5E51DAD-B844-4B20-8A84-2D098E75ABAF}.Release|Any CPU.Build.0 = Release|Any CPU
		{BA52A7E5-B16B-459A-9F4C-FB463D18ABA6}.Debug|Any CPU.ActiveCfg = Debug|Any CPU
		{BA52A7E5-B16B-459A-9F4C-FB463D18ABA6}.Debug|Any CPU.Build.0 = Debug|Any CPU
		{BA52A7E5-B16B-459A-9F4C-FB463D18ABA6}.Release|Any CPU.ActiveCfg = Release|Any CPU
		{BA52A7E5-B16B-459A-9F4C-FB463D18ABA6}.Release|Any CPU.Build.0 = Release|Any CPU
		{7DACB842-1C46-4145-B02D-91E7C3CD4276}.Debug|Any CPU.ActiveCfg = Debug|Any CPU
		{7DACB842-1C46-4145-B02D-91E7C3CD4276}.Debug|Any CPU.Build.0 = Debug|Any CPU
		{7DACB842-1C46-4145-B02D-91E7C3CD4276}.Release|Any CPU.ActiveCfg = Release|Any CPU
		{7DACB842-1C46-4145-B02D-91E7C3CD4276}.Release|Any CPU.Build.0 = Release|Any CPU
	EndGlobalSection
	GlobalSection(SolutionProperties) = preSolution
		HideSolutionNode = FALSE
	EndGlobalSection
	GlobalSection(SubversionScc) = preSolution
		Svn-Managed = True
		Manager = AnkhSVN - Subversion Support for Visual Studio
	EndGlobalSection
	GlobalSection(TextTemplating) = postSolution
		TextTemplating = 1
	EndGlobalSection
EndGlobal
